
Microsoft Visual Studio Solution File, Format Version 12.00
# Visual Studio Version 17
VisualStudioVersion = 17.5.002.0
MinimumVisualStudioVersion = 10.0.40219.1
Project("{9A19103F-16F7-4668-BE54-9A1E7A4F7556}") = "PlatziWeb", "PlatziWeb.csproj", "{AE720D6B-B98F-4AD6-85F5-965C81ECF66B}"
EndProject
Project("{9A19103F-16F7-4668-BE54-9A1E7A4F7556}") = "PlatziWeb (1)", "PlatziWeb\PlatziWeb.csproj", "{22E1B442-843C-456A-B8D5-F75038E318F3}"
EndProject
Global
	GlobalSection(SolutionConfigurationPlatforms) = preSolution
		Debug|Any CPU = Debug|Any CPU
		Release|Any CPU = Release|Any CPU
	EndGlobalSection
	GlobalSection(ProjectConfigurationPlatforms) = postSolution
		{AE720D6B-B98F-4AD6-85F5-965C81ECF66B}.Debug|Any CPU.ActiveCfg = Debug|Any CPU
		{AE720D6B-B98F-4AD6-85F5-965C81ECF66B}.Debug|Any CPU.Build.0 = Debug|Any CPU
		{AE720D6B-B98F-4AD6-85F5-965C81ECF66B}.Release|Any CPU.ActiveCfg = Release|Any CPU
		{AE720D6B-B98F-4AD6-85F5-965C81ECF66B}.Release|Any CPU.Build.0 = Release|Any CPU
		{22E1B442-843C-456A-B8D5-F75038E318F3}.Debug|Any CPU.ActiveCfg = Debug|Any CPU
		{22E1B442-843C-456A-B8D5-F75038E318F3}.Debug|Any CPU.Build.0 = Debug|Any CPU
		{22E1B442-843C-456A-B8D5-F75038E318F3}.Release|Any CPU.ActiveCfg = Release|Any CPU
		{22E1B442-843C-456A-B8D5-F75038E318F3}.Release|Any CPU.Build.0 = Release|Any CPU
	EndGlobalSection
	GlobalSection(SolutionProperties) = preSolution
		HideSolutionNode = FALSE
	EndGlobalSection
	GlobalSection(ExtensibilityGlobals) = postSolution
		SolutionGuid = {015BF630-4FD7-4C26-83C4-2C334FBB9763}
	EndGlobalSection
EndGlobal
